
Microsoft Visual Studio Solution File, Format Version 12.00
# Visual Studio Version 16
VisualStudioVersion = 16.0.31004.235
MinimumVisualStudioVersion = 10.0.40219.1
Project("{FAE04EC0-301F-11D3-BF4B-00C04F79EFBC}") = "levelled", "levelled.csproj", "{9604DC41-1C74-4239-8E21-1251F999AE41}"
EndProject
Global
	GlobalSection(SolutionConfigurationPlatforms) = preSolution
		Debug|Any CPU = Debug|Any CPU
		Release|Any CPU = Release|Any CPU
	EndGlobalSection
	GlobalSection(ProjectConfigurationPlatforms) = postSolution
		{9604DC41-1C74-4239-8E21-1251F999AE41}.Debug|Any CPU.ActiveCfg = Debug|Any CPU
		{9604DC41-1C74-4239-8E21-1251F999AE41}.Debug|Any CPU.Build.0 = Debug|Any CPU
		{9604DC41-1C74-4239-8E21-1251F999AE41}.Release|Any CPU.ActiveCfg = Release|Any CPU
		{9604DC41-1C74-4239-8E21-1251F999AE41}.Release|Any CPU.Build.0 = Release|Any CPU
	EndGlobalSection
	GlobalSection(SolutionProperties) = preSolution
		HideSolutionNode = FALSE
	EndGlobalSection
	GlobalSection(ExtensibilityGlobals) = postSolution
		SolutionGuid = {A36EC13F-94DF-4F7C-9F8E-3D39B34C4A36}
	EndGlobalSection
EndGlobal
